
Microsoft Visual Studio Solution File, Format Version 12.00
# Visual Studio Version 17
VisualStudioVersion = 17.5.002.0
MinimumVisualStudioVersion = 10.0.40219.1
Project("{9A19103F-16F7-4668-BE54-9A1E7A4F7556}") = "Sample", "Sample.csproj", "{AE5087A9-3195-42D1-858B-BA74570297F2}"
EndProject
Global
	GlobalSection(SolutionConfigurationPlatforms) = preSolution
		Debug|Any CPU = Debug|Any CPU
		Release|Any CPU = Release|Any CPU
	EndGlobalSection
	GlobalSection(ProjectConfigurationPlatforms) = postSolution
		{AE5087A9-3195-42D1-858B-BA74570297F2}.Debug|Any CPU.ActiveCfg = Debug|Any CPU
		{AE5087A9-3195-42D1-858B-BA74570297F2}.Debug|Any CPU.Build.0 = Debug|Any CPU
		{AE5087A9-3195-42D1-858B-BA74570297F2}.Release|Any CPU.ActiveCfg = Release|Any CPU
		{AE5087A9-3195-42D1-858B-BA74570297F2}.Release|Any CPU.Build.0 = Release|Any CPU
		{2F8BC2D4-8EE4-49B6-950E-ECC23B26E73C}.Debug|Any CPU.ActiveCfg = Debug|Any CPU
		{2F8BC2D4-8EE4-49B6-950E-ECC23B26E73C}.Debug|Any CPU.Build.0 = Debug|Any CPU
		{2F8BC2D4-8EE4-49B6-950E-ECC23B26E73C}.Release|Any CPU.ActiveCfg = Release|Any CPU
		{2F8BC2D4-8EE4-49B6-950E-ECC23B26E73C}.Release|Any CPU.Build.0 = Release|Any CPU
	EndGlobalSection
	GlobalSection(SolutionProperties) = preSolution
		HideSolutionNode = FALSE
	EndGlobalSection
	GlobalSection(ExtensibilityGlobals) = postSolution
		SolutionGuid = {D797BEFC-D44F-487D-9F5B-293109C6085F}
	EndGlobalSection
EndGlobal
